
Microsoft Visual Studio Solution File, Format Version 12.00
# Visual Studio Version 17
VisualStudioVersion = 17.5.33516.290
MinimumVisualStudioVersion = 10.0.40219.1
Project("{FAE04EC0-301F-11D3-BF4B-00C04F79EFBC}") = "ProvaPub", "ProvaPub.csproj", "{BF0C6C17-A860-47B0-BF84-1FBB2E26742A}"
EndProject
Project("{2150E333-8FDC-42A3-9474-1A3956D46DE8}") = "src", "src", "{02EA681E-C7D8-13C7-8484-4AC65E1B71E8}"
EndProject
Project("{2150E333-8FDC-42A3-9474-1A3956D46DE8}") = "test", "test", "{291DCD16-81BE-4F2F-B723-3C4376F21AAB}"
EndProject
Project("{2150E333-8FDC-42A3-9474-1A3956D46DE8}") = "Domain", "Domain", "{CC359FC3-27DC-4382-A738-948A759BBFA7}"
EndProject
Project("{FAE04EC0-301F-11D3-BF4B-00C04F79EFBC}") = "ProvaPub.Domain", "src\Domain\ProvaPub.Domain\ProvaPub.Domain.csproj", "{A9C17BE9-105D-48AD-B366-16EB90668092}"
EndProject
Project("{2150E333-8FDC-42A3-9474-1A3956D46DE8}") = "Application", "Application", "{A9BB3A61-FB47-4F1D-86C2-143ADD07E4EE}"
EndProject
Project("{FAE04EC0-301F-11D3-BF4B-00C04F79EFBC}") = "ProvaPub.Application", "src\Application\ProvaPub.Application\ProvaPub.Application.csproj", "{6E4BF583-44F5-4DDE-8E73-20E167F25C32}"
EndProject
Global
	GlobalSection(SolutionConfigurationPlatforms) = preSolution
		Debug|Any CPU = Debug|Any CPU
		Release|Any CPU = Release|Any CPU
	EndGlobalSection
	GlobalSection(ProjectConfigurationPlatforms) = postSolution
		{BF0C6C17-A860-47B0-BF84-1FBB2E26742A}.Debug|Any CPU.ActiveCfg = Debug|Any CPU
		{BF0C6C17-A860-47B0-BF84-1FBB2E26742A}.Debug|Any CPU.Build.0 = Debug|Any CPU
		{BF0C6C17-A860-47B0-BF84-1FBB2E26742A}.Release|Any CPU.ActiveCfg = Release|Any CPU
		{BF0C6C17-A860-47B0-BF84-1FBB2E26742A}.Release|Any CPU.Build.0 = Release|Any CPU
		{A9C17BE9-105D-48AD-B366-16EB90668092}.Debug|Any CPU.ActiveCfg = Debug|Any CPU
		{A9C17BE9-105D-48AD-B366-16EB90668092}.Debug|Any CPU.Build.0 = Debug|Any CPU
		{A9C17BE9-105D-48AD-B366-16EB90668092}.Release|Any CPU.ActiveCfg = Release|Any CPU
		{A9C17BE9-105D-48AD-B366-16EB90668092}.Release|Any CPU.Build.0 = Release|Any CPU
		{6E4BF583-44F5-4DDE-8E73-20E167F25C32}.Debug|Any CPU.ActiveCfg = Debug|Any CPU
		{6E4BF583-44F5-4DDE-8E73-20E167F25C32}.Debug|Any CPU.Build.0 = Debug|Any CPU
		{6E4BF583-44F5-4DDE-8E73-20E167F25C32}.Release|Any CPU.ActiveCfg = Release|Any CPU
		{6E4BF583-44F5-4DDE-8E73-20E167F25C32}.Release|Any CPU.Build.0 = Release|Any CPU
	EndGlobalSection
	GlobalSection(SolutionProperties) = preSolution
		HideSolutionNode = FALSE
	EndGlobalSection
	GlobalSection(NestedProjects) = preSolution
		{CC359FC3-27DC-4382-A738-948A759BBFA7} = {02EA681E-C7D8-13C7-8484-4AC65E1B71E8}
		{A9C17BE9-105D-48AD-B366-16EB90668092} = {CC359FC3-27DC-4382-A738-948A759BBFA7}
		{A9BB3A61-FB47-4F1D-86C2-143ADD07E4EE} = {02EA681E-C7D8-13C7-8484-4AC65E1B71E8}
		{6E4BF583-44F5-4DDE-8E73-20E167F25C32} = {A9BB3A61-FB47-4F1D-86C2-143ADD07E4EE}
	EndGlobalSection
	GlobalSection(ExtensibilityGlobals) = postSolution
		SolutionGuid = {508154CE-59FC-48C4-A288-C3D88E9607FE}
	EndGlobalSection
EndGlobal
