
Microsoft Visual Studio Solution File, Format Version 12.00
# Visual Studio Version 17
VisualStudioVersion = 17.5.33516.290
MinimumVisualStudioVersion = 10.0.40219.1
Project("{2150E333-8FDC-42A3-9474-1A3956D46DE8}") = "src", "src", "{02EA681E-C7D8-13C7-8484-4AC65E1B71E8}"
EndProject
Project("{2150E333-8FDC-42A3-9474-1A3956D46DE8}") = "test", "test", "{96D28A43-8B42-4E63-98BC-E9DF76AB09CE}"
EndProject
Project("{2150E333-8FDC-42A3-9474-1A3956D46DE8}") = "Domain", "Domain", "{51BC5B23-CE4B-478D-B4C4-0D6F686CAE39}"
EndProject
Project("{FAE04EC0-301F-11D3-BF4B-00C04F79EFBC}") = "ProvaPub.Domain", "src\Domain\ProvaPub.Domain\ProvaPub.Domain.csproj", "{3A68F030-F64A-4886-BE5F-894D85446DD4}"
EndProject
Project("{2150E333-8FDC-42A3-9474-1A3956D46DE8}") = "Application", "Application", "{0F69B52A-68B8-4110-A99F-F354421C0FFD}"
EndProject
Project("{FAE04EC0-301F-11D3-BF4B-00C04F79EFBC}") = "ProvaPub.Application", "src\Application\ProvaPub.Application\ProvaPub.Application.csproj", "{10F88682-4B39-4625-BEC8-FD354BFE453F}"
EndProject
Project("{FAE04EC0-301F-11D3-BF4B-00C04F79EFBC}") = "ProvaPub.Test.UnitTest", "test\ProvaPub.Test.UnitTest\ProvaPub.Test.UnitTest.csproj", "{7CBEACC7-70CB-4E2F-8557-924726F69EF9}"
EndProject
Project("{2150E333-8FDC-42A3-9474-1A3956D46DE8}") = "Infrastructure", "Infrastructure", "{498E72D5-4D97-46AC-8B18-3302C8321B0C}"
EndProject
Project("{FAE04EC0-301F-11D3-BF4B-00C04F79EFBC}") = "ProvaPub.Infrastructure.Data", "src\Infrastructure\ProvaPub.Infrastructure.Data\ProvaPub.Infrastructure.Data.csproj", "{4BE7DCC7-5377-48AC-9E8B-7D676A149503}"
EndProject
Project("{FAE04EC0-301F-11D3-BF4B-00C04F79EFBC}") = "ProvaPub.Test.IntegrationTest", "test\ProvaPub.Test.IntegrationTest\ProvaPub.Test.IntegrationTest.csproj", "{66B2E5B2-FF0C-4D13-84D5-1C53FB81DE24}"
EndProject
Project("{2150E333-8FDC-42A3-9474-1A3956D46DE8}") = "Presentation", "Presentation", "{453163BB-6580-4297-B6B2-4044FAB9D4D5}"
EndProject
Project("{FAE04EC0-301F-11D3-BF4B-00C04F79EFBC}") = "ProvaPub.Presentation.API", "src\Presentation\ProvaPub.Presentation.API\ProvaPub.Presentation.API.csproj", "{9539D466-5977-4E91-B678-50C083CC91A8}"
EndProject
Global
	GlobalSection(SolutionConfigurationPlatforms) = preSolution
		Debug|Any CPU = Debug|Any CPU
		Release|Any CPU = Release|Any CPU
	EndGlobalSection
	GlobalSection(ProjectConfigurationPlatforms) = postSolution
		{3A68F030-F64A-4886-BE5F-894D85446DD4}.Debug|Any CPU.ActiveCfg = Debug|Any CPU
		{3A68F030-F64A-4886-BE5F-894D85446DD4}.Debug|Any CPU.Build.0 = Debug|Any CPU
		{3A68F030-F64A-4886-BE5F-894D85446DD4}.Release|Any CPU.ActiveCfg = Release|Any CPU
		{3A68F030-F64A-4886-BE5F-894D85446DD4}.Release|Any CPU.Build.0 = Release|Any CPU
		{10F88682-4B39-4625-BEC8-FD354BFE453F}.Debug|Any CPU.ActiveCfg = Debug|Any CPU
		{10F88682-4B39-4625-BEC8-FD354BFE453F}.Debug|Any CPU.Build.0 = Debug|Any CPU
		{10F88682-4B39-4625-BEC8-FD354BFE453F}.Release|Any CPU.ActiveCfg = Release|Any CPU
		{10F88682-4B39-4625-BEC8-FD354BFE453F}.Release|Any CPU.Build.0 = Release|Any CPU
		{7CBEACC7-70CB-4E2F-8557-924726F69EF9}.Debug|Any CPU.ActiveCfg = Debug|Any CPU
		{7CBEACC7-70CB-4E2F-8557-924726F69EF9}.Debug|Any CPU.Build.0 = Debug|Any CPU
		{7CBEACC7-70CB-4E2F-8557-924726F69EF9}.Release|Any CPU.ActiveCfg = Release|Any CPU
		{7CBEACC7-70CB-4E2F-8557-924726F69EF9}.Release|Any CPU.Build.0 = Release|Any CPU
		{4BE7DCC7-5377-48AC-9E8B-7D676A149503}.Debug|Any CPU.ActiveCfg = Debug|Any CPU
		{4BE7DCC7-5377-48AC-9E8B-7D676A149503}.Debug|Any CPU.Build.0 = Debug|Any CPU
		{4BE7DCC7-5377-48AC-9E8B-7D676A149503}.Release|Any CPU.ActiveCfg = Release|Any CPU
		{4BE7DCC7-5377-48AC-9E8B-7D676A149503}.Release|Any CPU.Build.0 = Release|Any CPU
		{66B2E5B2-FF0C-4D13-84D5-1C53FB81DE24}.Debug|Any CPU.ActiveCfg = Debug|Any CPU
		{66B2E5B2-FF0C-4D13-84D5-1C53FB81DE24}.Debug|Any CPU.Build.0 = Debug|Any CPU
		{66B2E5B2-FF0C-4D13-84D5-1C53FB81DE24}.Release|Any CPU.ActiveCfg = Release|Any CPU
		{66B2E5B2-FF0C-4D13-84D5-1C53FB81DE24}.Release|Any CPU.Build.0 = Release|Any CPU
		{9539D466-5977-4E91-B678-50C083CC91A8}.Debug|Any CPU.ActiveCfg = Debug|Any CPU
		{9539D466-5977-4E91-B678-50C083CC91A8}.Debug|Any CPU.Build.0 = Debug|Any CPU
		{9539D466-5977-4E91-B678-50C083CC91A8}.Release|Any CPU.ActiveCfg = Release|Any CPU
		{9539D466-5977-4E91-B678-50C083CC91A8}.Release|Any CPU.Build.0 = Release|Any CPU
	EndGlobalSection
	GlobalSection(SolutionProperties) = preSolution
		HideSolutionNode = FALSE
	EndGlobalSection
	GlobalSection(NestedProjects) = preSolution
		{51BC5B23-CE4B-478D-B4C4-0D6F686CAE39} = {02EA681E-C7D8-13C7-8484-4AC65E1B71E8}
		{3A68F030-F64A-4886-BE5F-894D85446DD4} = {51BC5B23-CE4B-478D-B4C4-0D6F686CAE39}
		{0F69B52A-68B8-4110-A99F-F354421C0FFD} = {02EA681E-C7D8-13C7-8484-4AC65E1B71E8}
		{10F88682-4B39-4625-BEC8-FD354BFE453F} = {0F69B52A-68B8-4110-A99F-F354421C0FFD}
		{7CBEACC7-70CB-4E2F-8557-924726F69EF9} = {96D28A43-8B42-4E63-98BC-E9DF76AB09CE}
		{498E72D5-4D97-46AC-8B18-3302C8321B0C} = {02EA681E-C7D8-13C7-8484-4AC65E1B71E8}
		{4BE7DCC7-5377-48AC-9E8B-7D676A149503} = {498E72D5-4D97-46AC-8B18-3302C8321B0C}
		{66B2E5B2-FF0C-4D13-84D5-1C53FB81DE24} = {96D28A43-8B42-4E63-98BC-E9DF76AB09CE}
		{453163BB-6580-4297-B6B2-4044FAB9D4D5} = {02EA681E-C7D8-13C7-8484-4AC65E1B71E8}
		{9539D466-5977-4E91-B678-50C083CC91A8} = {453163BB-6580-4297-B6B2-4044FAB9D4D5}
	EndGlobalSection
	GlobalSection(ExtensibilityGlobals) = postSolution
		SolutionGuid = {508154CE-59FC-48C4-A288-C3D88E9607FE}
	EndGlobalSection
EndGlobal
